
Microsoft Visual Studio Solution File, Format Version 12.00
# Visual Studio Version 17
VisualStudioVersion = 17.9.34701.34
MinimumVisualStudioVersion = 10.0.40219.1
Project("{FAE04EC0-301F-11D3-BF4B-00C04F79EFBC}") = "Airline Management System", "Airline Management System\Airline Management System.csproj", "{EAEB502F-99A5-470A-A09F-02A60F10875C}"
EndProject
Global
	GlobalSection(SolutionConfigurationPlatforms) = preSolution
		Debug|Any CPU = Debug|Any CPU
		Release|Any CPU = Release|Any CPU
	EndGlobalSection
	GlobalSection(ProjectConfigurationPlatforms) = postSolution
		{EAEB502F-99A5-470A-A09F-02A60F10875C}.Debug|Any CPU.ActiveCfg = Debug|Any CPU
		{EAEB502F-99A5-470A-A09F-02A60F10875C}.Debug|Any CPU.Build.0 = Debug|Any CPU
		{EAEB502F-99A5-470A-A09F-02A60F10875C}.Release|Any CPU.ActiveCfg = Release|Any CPU
		{EAEB502F-99A5-470A-A09F-02A60F10875C}.Release|Any CPU.Build.0 = Release|Any CPU
	EndGlobalSection
	GlobalSection(SolutionProperties) = preSolution
		HideSolutionNode = FALSE
	EndGlobalSection
	GlobalSection(ExtensibilityGlobals) = postSolution
		SolutionGuid = {C55151BF-A267-4695-9E92-68794D917BC5}
	EndGlobalSection
EndGlobal
